<Solution>
  <Folder Name="/src/">
    <Project Path="src/Sentinel.CLI/Sentinel.CLI.csproj" />
    <Project Path="src/Sentinel.Core/Sentinel.Core.csproj" />
    <Project Path="src/Sentinel.Crypto/Sentinel.Crypto.csproj" />
    <Project Path="src/Sentinel.Network/Sentinel.Network.csproj" />
    <Project Path="src/Sentinel.Loader/Sentinel.Loader.csproj" />
  </Folder>
  <Folder Name="/tests/">
    <Project Path="tests/Sentinel.Network.Tests/Sentinel.Network.Tests.csproj" />
    <Project Path="tests/Sentinel.Crypto.Tests/Sentinel.Crypto.Tests.csproj" />
  </Folder>
</Solution>
